// !$*UTF8*$!
{
	archiveVersion = 1;
	classes = {
	};
	objectVersion = 55;
	objects = {

/* Begin PBXBuildFile section */
		AF50FCCB2886AC85005E617F /* AppDelegate.swift in Sources */ = {isa = PBXBuildFile; fileRef = AF50FCCA2886AC85005E617F /* AppDelegate.swift */; };
		AF50FCD22886AC86005E617F /* Main.storyboard in Resources */ = {isa = PBXBuildFile; fileRef = AF50FCD02886AC86005E617F /* Main.storyboard */; };
		AF50FCD42886AC87005E617F /* Assets.xcassets in Resources */ = {isa = PBXBuildFile; fileRef = AF50FCD32886AC87005E617F /* Assets.xcassets */; };
		AF50FCD72886AC87005E617F /* LaunchScreen.storyboard in Resources */ = {isa = PBXBuildFile; fileRef = AF50FCD52886AC87005E617F /* LaunchScreen.storyboard */; };
		AF50FCE02886AF88005E617F /* Realm in Frameworks */ = {isa = PBXBuildFile; productRef = AF50FCDF2886AF88005E617F /* Realm */; };
		AF50FCE22886AF88005E617F /* RealmSwift in Frameworks */ = {isa = PBXBuildFile; productRef = AF50FCE12886AF88005E617F /* RealmSwift */; };
		AF50FCE82886B495005E617F /* ItemModel.swift in Sources */ = {isa = PBXBuildFile; fileRef = AF50FCE72886B495005E617F /* ItemModel.swift */; };
		AF50FCEA2886B4F8005E617F /* ItemViewController.swift in Sources */ = {isa = PBXBuildFile; fileRef = AF50FCE92886B4F8005E617F /* ItemViewController.swift */; };
		AF50FCED2886B633005E617F /* ItemView.swift in Sources */ = {isa = PBXBuildFile; fileRef = AF50FCEC2886B633005E617F /* ItemView.swift */; };
		AF50FCEF2886BAA5005E617F /* ItemPresenter.swift in Sources */ = {isa = PBXBuildFile; fileRef = AF50FCEE2886BAA5005E617F /* ItemPresenter.swift */; };
/* End PBXBuildFile section */

/* Begin PBXFileReference section */
		AF50FCC72886AC85005E617F /* mvp-swift.app */ = {isa = PBXFileReference; explicitFileType = wrapper.application; includeInIndex = 0; path = "mvp-swift.app"; sourceTree = BUILT_PRODUCTS_DIR; };
		AF50FCCA2886AC85005E617F /* AppDelegate.swift */ = {isa = PBXFileReference; lastKnownFileType = sourcecode.swift; path = AppDelegate.swift; sourceTree = "<group>"; };
		AF50FCD12886AC86005E617F /* Base */ = {isa = PBXFileReference; lastKnownFileType = file.storyboard; name = Base; path = Base.lproj/Main.storyboard; sourceTree = "<group>"; };
		AF50FCD32886AC87005E617F /* Assets.xcassets */ = {isa = PBXFileReference; lastKnownFileType = folder.assetcatalog; path = Assets.xcassets; sourceTree = "<group>"; };
		AF50FCD62886AC87005E617F /* Base */ = {isa = PBXFileReference; lastKnownFileType = file.storyboard; name = Base; path = Base.lproj/LaunchScreen.storyboard; sourceTree = "<group>"; };
		AF50FCD82886AC87005E617F /* Info.plist */ = {isa = PBXFileReference; lastKnownFileType = text.plist.xml; path = Info.plist; sourceTree = "<group>"; };
		AF50FCE72886B495005E617F /* ItemModel.swift */ = {isa = PBXFileReference; lastKnownFileType = sourcecode.swift; path = ItemModel.swift; sourceTree = "<group>"; };
		AF50FCE92886B4F8005E617F /* ItemViewController.swift */ = {isa = PBXFileReference; lastKnownFileType = sourcecode.swift; path = ItemViewController.swift; sourceTree = "<group>"; };
		AF50FCEC2886B633005E617F /* ItemView.swift */ = {isa = PBXFileReference; lastKnownFileType = sourcecode.swift; path = ItemView.swift; sourceTree = "<group>"; };
		AF50FCEE2886BAA5005E617F /* ItemPresenter.swift */ = {isa = PBXFileReference; lastKnownFileType = sourcecode.swift; path = ItemPresenter.swift; sourceTree = "<group>"; };
/* End PBXFileReference section */

/* Begin PBXFrameworksBuildPhase section */
		AF50FCC42886AC85005E617F /* Frameworks */ = {
			isa = PBXFrameworksBuildPhase;
			buildActionMask = 2147483647;
			files = (
				AF50FCE22886AF88005E617F /* RealmSwift in Frameworks */,
				AF50FCE02886AF88005E617F /* Realm in Frameworks */,
			);
			runOnlyForDeploymentPostprocessing = 0;
		};
/* End PBXFrameworksBuildPhase section */

/* Begin PBXGroup section */
		AF50FCBE2886AC85005E617F = {
			isa = PBXGroup;
			children = (
				AF50FCC92886AC85005E617F /* mvp-swift */,
				AF50FCC82886AC85005E617F /* Products */,
			);
			sourceTree = "<group>";
		};
		AF50FCC82886AC85005E617F /* Products */ = {
			isa = PBXGroup;
			children = (
				AF50FCC72886AC85005E617F /* mvp-swift.app */,
			);
			name = Products;
			sourceTree = "<group>";
		};
		AF50FCC92886AC85005E617F /* mvp-swift */ = {
			isa = PBXGroup;
			children = (
				AF50FCE32886AF9D005E617F /* App */,
				AF50FCE42886AFC0005E617F /* Model */,
				AF50FCE52886AFCA005E617F /* View */,
				AF50FCE62886B42F005E617F /* Presenter */,
				AF50FCD02886AC86005E617F /* Main.storyboard */,
				AF50FCD32886AC87005E617F /* Assets.xcassets */,
				AF50FCD52886AC87005E617F /* LaunchScreen.storyboard */,
				AF50FCD82886AC87005E617F /* Info.plist */,
			);
			path = "mvp-swift";
			sourceTree = "<group>";
		};
		AF50FCE32886AF9D005E617F /* App */ = {
			isa = PBXGroup;
			children = (
				AF50FCCA2886AC85005E617F /* AppDelegate.swift */,
			);
			path = App;
			sourceTree = "<group>";
		};
		AF50FCE42886AFC0005E617F /* Model */ = {
			isa = PBXGroup;
			children = (
				AF50FCE72886B495005E617F /* ItemModel.swift */,
			);
			path = Model;
			sourceTree = "<group>";
		};
		AF50FCE52886AFCA005E617F /* View */ = {
			isa = PBXGroup;
			children = (
				AF50FCEC2886B633005E617F /* ItemView.swift */,
				AF50FCE92886B4F8005E617F /* ItemViewController.swift */,
			);
			path = View;
			sourceTree = "<group>";
		};
		AF50FCE62886B42F005E617F /* Presenter */ = {
			isa = PBXGroup;
			children = (
				AF50FCEE2886BAA5005E617F /* ItemPresenter.swift */,
			);
			path = Presenter;
			sourceTree = "<group>";
		};
/* End PBXGroup section */

/* Begin PBXNativeTarget section */
		AF50FCC62886AC85005E617F /* mvp-swift */ = {
			isa = PBXNativeTarget;
			buildConfigurationList = AF50FCDB2886AC87005E617F /* Build configuration list for PBXNativeTarget "mvp-swift" */;
			buildPhases = (
				AF50FCC32886AC85005E617F /* Sources */,
				AF50FCC42886AC85005E617F /* Frameworks */,
				AF50FCC52886AC85005E617F /* Resources */,
			);
			buildRules = (
			);
			dependencies = (
			);
			name = "mvp-swift";
			packageProductDependencies = (
				AF50FCDF2886AF88005E617F /* Realm */,
				AF50FCE12886AF88005E617F /* RealmSwift */,
			);
			productName = "mvp-swift";
			productReference = AF50FCC72886AC85005E617F /* mvp-swift.app */;
			productType = "com.apple.product-type.application";
		};
/* End PBXNativeTarget section */

/* Begin PBXProject section */
		AF50FCBF2886AC85005E617F /* Project object */ = {
			isa = PBXProject;
			attributes = {
				BuildIndependentTargetsInParallel = 1;
				LastSwiftUpdateCheck = 1340;
				LastUpgradeCheck = 1340;
				TargetAttributes = {
					AF50FCC62886AC85005E617F = {
						CreatedOnToolsVersion = 13.4.1;
					};
				};
			};
			buildConfigurationList = AF50FCC22886AC85005E617F /* Build configuration list for PBXProject "mvp-swift" */;
			compatibilityVersion = "Xcode 13.0";
			developmentRegion = en;
			hasScannedForEncodings = 0;
			knownRegions = (
				en,
				Base,
			);
			mainGroup = AF50FCBE2886AC85005E617F;
			packageReferences = (
				AF50FCDE2886AF88005E617F /* XCRemoteSwiftPackageReference "realm-swift" */,
			);
			productRefGroup = AF50FCC82886AC85005E617F /* Products */;
			projectDirPath = "";
			projectRoot = "";
			targets = (
				AF50FCC62886AC85005E617F /* mvp-swift */,
			);
		};
/* End PBXProject section */

/* Begin PBXResourcesBuildPhase section */
		AF50FCC52886AC85005E617F /* Resources */ = {
			isa = PBXResourcesBuildPhase;
			buildActionMask = 2147483647;
			files = (
				AF50FCD72886AC87005E617F /* LaunchScreen.storyboard in Resources */,
				AF50FCD42886AC87005E617F /* Assets.xcassets in Resources */,
				AF50FCD22886AC86005E617F /* Main.storyboard in Resources */,
			);
			runOnlyForDeploymentPostprocessing = 0;
		};
/* End PBXResourcesBuildPhase section */

/* Begin PBXSourcesBuildPhase section */
		AF50FCC32886AC85005E617F /* Sources */ = {
			isa = PBXSourcesBuildPhase;
			buildActionMask = 2147483647;
			files = (
				AF50FCE82886B495005E617F /* ItemModel.swift in Sources */,
				AF50FCEF2886BAA5005E617F /* ItemPresenter.swift in Sources */,
				AF50FCED2886B633005E617F /* ItemView.swift in Sources */,
				AF50FCEA2886B4F8005E617F /* ItemViewController.swift in Sources */,
				AF50FCCB2886AC85005E617F /* AppDelegate.swift in Sources */,
			);
			runOnlyForDeploymentPostprocessing = 0;
		};
/* End PBXSourcesBuildPhase section */

/* Begin PBXVariantGroup section */
		AF50FCD02886AC86005E617F /* Main.storyboard */ = {
			isa = PBXVariantGroup;
			children = (
				AF50FCD12886AC86005E617F /* Base */,
			);
			name = Main.storyboard;
			sourceTree = "<group>";
		};
		AF50FCD52886AC87005E617F /* LaunchScreen.storyboard */ = {
			isa = PBXVariantGroup;
			children = (
				AF50FCD62886AC87005E617F /* Base */,
			);
			name = LaunchScreen.storyboard;
			sourceTree = "<group>";
		};
/* End PBXVariantGroup section */

/* Begin XCBuildConfiguration section */
		AF50FCD92886AC87005E617F /* Debug */ = {
			isa = XCBuildConfiguration;
			buildSettings = {
				ALWAYS_SEARCH_USER_PATHS = NO;
				CLANG_ANALYZER_NONNULL = YES;
				CLANG_ANALYZER_NUMBER_OBJECT_CONVERSION = YES_AGGRESSIVE;
				CLANG_CXX_LANGUAGE_STANDARD = "gnu++17";
				CLANG_ENABLE_MODULES = YES;
				CLANG_ENABLE_OBJC_ARC = YES;
				CLANG_ENABLE_OBJC_WEAK = YES;
				CLANG_WARN_BLOCK_CAPTURE_AUTORELEASING = YES;
				CLANG_WARN_BOOL_CONVERSION = YES;
				CLANG_WARN_COMMA = YES;
				CLANG_WARN_CONSTANT_CONVERSION = YES;
				CLANG_WARN_DEPRECATED_OBJC_IMPLEMENTATIONS = YES;
				CLANG_WARN_DIRECT_OBJC_ISA_USAGE = YES_ERROR;
				CLANG_WARN_DOCUMENTATION_COMMENTS = YES;
				CLANG_WARN_EMPTY_BODY = YES;
				CLANG_WARN_ENUM_CONVERSION = YES;
				CLANG_WARN_INFINITE_RECURSION = YES;
				CLANG_WARN_INT_CONVERSION = YES;
				CLANG_WARN_NON_LITERAL_NULL_CONVERSION = YES;
				CLANG_WARN_OBJC_IMPLICIT_RETAIN_SELF = YES;
				CLANG_WARN_OBJC_LITERAL_CONVERSION = YES;
				CLANG_WARN_OBJC_ROOT_CLASS = YES_ERROR;
				CLANG_WARN_QUOTED_INCLUDE_IN_FRAMEWORK_HEADER = YES;
				CLANG_WARN_RANGE_LOOP_ANALYSIS = YES;
				CLANG_WARN_STRICT_PROTOTYPES = YES;
				CLANG_WARN_SUSPICIOUS_MOVE = YES;
				CLANG_WARN_UNGUARDED_AVAILABILITY = YES_AGGRESSIVE;
				CLANG_WARN_UNREACHABLE_CODE = YES;
				CLANG_WARN__DUPLICATE_METHOD_MATCH = YES;
				COPY_PHASE_STRIP = NO;
				DEBUG_INFORMATION_FORMAT = dwarf;
				ENABLE_STRICT_OBJC_MSGSEND = YES;
				ENABLE_TESTABILITY = YES;
				GCC_C_LANGUAGE_STANDARD = gnu11;
				GCC_DYNAMIC_NO_PIC = NO;
				GCC_NO_COMMON_BLOCKS = YES;
				GCC_OPTIMIZATION_LEVEL = 0;
				GCC_PREPROCESSOR_DEFINITIONS = (
					"DEBUG=1",
					"$(inherited)",
				);
				GCC_WARN_64_TO_32_BIT_CONVERSION = YES;
				GCC_WARN_ABOUT_RETURN_TYPE = YES_ERROR;
				GCC_WARN_UNDECLARED_SELECTOR = YES;
				GCC_WARN_UNINITIALIZED_AUTOS = YES_AGGRESSIVE;
				GCC_WARN_UNUSED_FUNCTION = YES;
				GCC_WARN_UNUSED_VARIABLE = YES;
				IPHONEOS_DEPLOYMENT_TARGET = 15.5;
				MTL_ENABLE_DEBUG_INFO = INCLUDE_SOURCE;
				MTL_FAST_MATH = YES;
				ONLY_ACTIVE_ARCH = YES;
				SDKROOT = iphoneos;
				SWIFT_ACTIVE_COMPILATION_CONDITIONS = DEBUG;
				SWIFT_OPTIMIZATION_LEVEL = "-Onone";
			};
			name = Debug;
		};
		AF50FCDA2886AC87005E617F /* Release */ = {
			isa = XCBuildConfiguration;
			buildSettings = {
				ALWAYS_SEARCH_USER_PATHS = NO;
				CLANG_ANALYZER_NONNULL = YES;
				CLANG_ANALYZER_NUMBER_OBJECT_CONVERSION = YES_AGGRESSIVE;
				CLANG_CXX_LANGUAGE_STANDARD = "gnu++17";
				CLANG_ENABLE_MODULES = YES;
				CLANG_ENABLE_OBJC_ARC = YES;
				CLANG_ENABLE_OBJC_WEAK = YES;
				CLANG_WARN_BLOCK_CAPTURE_AUTORELEASING = YES;
				CLANG_WARN_BOOL_CONVERSION = YES;
				CLANG_WARN_COMMA = YES;
				CLANG_WARN_CONSTANT_CONVERSION = YES;
				CLANG_WARN_DEPRECATED_OBJC_IMPLEMENTATIONS = YES;
				CLANG_WARN_DIRECT_OBJC_ISA_USAGE = YES_ERROR;
				CLANG_WARN_DOCUMENTATION_COMMENTS = YES;
				CLANG_WARN_EMPTY_BODY = YES;
				CLANG_WARN_ENUM_CONVERSION = YES;
				CLANG_WARN_INFINITE_RECURSION = YES;
				CLANG_WARN_INT_CONVERSION = YES;
				CLANG_WARN_NON_LITERAL_NULL_CONVERSION = YES;
				CLANG_WARN_OBJC_IMPLICIT_RETAIN_SELF = YES;
				CLANG_WARN_OBJC_LITERAL_CONVERSION = YES;
				CLANG_WARN_OBJC_ROOT_CLASS = YES_ERROR;
				CLANG_WARN_QUOTED_INCLUDE_IN_FRAMEWORK_HEADER = YES;
				CLANG_WARN_RANGE_LOOP_ANALYSIS = YES;
				CLANG_WARN_STRICT_PROTOTYPES = YES;
				CLANG_WARN_SUSPICIOUS_MOVE = YES;
				CLANG_WARN_UNGUARDED_AVAILABILITY = YES_AGGRESSIVE;
				CLANG_WARN_UNREACHABLE_CODE = YES;
				CLANG_WARN__DUPLICATE_METHOD_MATCH = YES;
				COPY_PHASE_STRIP = NO;
				DEBUG_INFORMATION_FORMAT = "dwarf-with-dsym";
				ENABLE_NS_ASSERTIONS = NO;
				ENABLE_STRICT_OBJC_MSGSEND = YES;
				GCC_C_LANGUAGE_STANDARD = gnu11;
				GCC_NO_COMMON_BLOCKS = YES;
				GCC_WARN_64_TO_32_BIT_CONVERSION = YES;
				GCC_WARN_ABOUT_RETURN_TYPE = YES_ERROR;
				GCC_WARN_UNDECLARED_SELECTOR = YES;
				GCC_WARN_UNINITIALIZED_AUTOS = YES_AGGRESSIVE;
				GCC_WARN_UNUSED_FUNCTION = YES;
				GCC_WARN_UNUSED_VARIABLE = YES;
				IPHONEOS_DEPLOYMENT_TARGET = 15.5;
				MTL_ENABLE_DEBUG_INFO = NO;
				MTL_FAST_MATH = YES;
				SDKROOT = iphoneos;
				SWIFT_COMPILATION_MODE = wholemodule;
				SWIFT_OPTIMIZATION_LEVEL = "-O";
				VALIDATE_PRODUCT = YES;
			};
			name = Release;
		};
		AF50FCDC2886AC87005E617F /* Debug */ = {
			isa = XCBuildConfiguration;
			buildSettings = {
				ASSETCATALOG_COMPILER_APPICON_NAME = AppIcon;
				ASSETCATALOG_COMPILER_GLOBAL_ACCENT_COLOR_NAME = AccentColor;
				CODE_SIGN_STYLE = Automatic;
				CURRENT_PROJECT_VERSION = 1;
				DEVELOPMENT_TEAM = MNGAL283XP;
				GENERATE_INFOPLIST_FILE = YES;
				INFOPLIST_FILE = "mvp-swift/Info.plist";
				INFOPLIST_KEY_UIApplicationSupportsIndirectInputEvents = YES;
				INFOPLIST_KEY_UILaunchStoryboardName = LaunchScreen;
				INFOPLIST_KEY_UIMainStoryboardFile = Main;
				INFOPLIST_KEY_UISupportedInterfaceOrientations_iPad = "UIInterfaceOrientationPortrait UIInterfaceOrientationPortraitUpsideDown UIInterfaceOrientationLandscapeLeft UIInterfaceOrientationLandscapeRight";
				INFOPLIST_KEY_UISupportedInterfaceOrientations_iPhone = "UIInterfaceOrientationPortrait UIInterfaceOrientationLandscapeLeft UIInterfaceOrientationLandscapeRight";
				LD_RUNPATH_SEARCH_PATHS = (
					"$(inherited)",
					"@executable_path/Frameworks",
				);
				MARKETING_VERSION = 1.0;
				PRODUCT_BUNDLE_IDENTIFIER = "com.koanba.mvp-swift";
				PRODUCT_NAME = "$(TARGET_NAME)";
				SWIFT_EMIT_LOC_STRINGS = YES;
				SWIFT_VERSION = 5.0;
				TARGETED_DEVICE_FAMILY = "1,2";
			};
			name = Debug;
		};
		AF50FCDD2886AC87005E617F /* Release */ = {
			isa = XCBuildConfiguration;
			buildSettings = {
				ASSETCATALOG_COMPILER_APPICON_NAME = AppIcon;
				ASSETCATALOG_COMPILER_GLOBAL_ACCENT_COLOR_NAME = AccentColor;
				CODE_SIGN_STYLE = Automatic;
				CURRENT_PROJECT_VERSION = 1;
				DEVELOPMENT_TEAM = MNGAL283XP;
				GENERATE_INFOPLIST_FILE = YES;
				INFOPLIST_FILE = "mvp-swift/Info.plist";
				INFOPLIST_KEY_UIApplicationSupportsIndirectInputEvents = YES;
				INFOPLIST_KEY_UILaunchStoryboardName = LaunchScreen;
				INFOPLIST_KEY_UIMainStoryboardFile = Main;
				INFOPLIST_KEY_UISupportedInterfaceOrientations_iPad = "UIInterfaceOrientationPortrait UIInterfaceOrientationPortraitUpsideDown UIInterfaceOrientationLandscapeLeft UIInterfaceOrientationLandscapeRight";
				INFOPLIST_KEY_UISupportedInterfaceOrientations_iPhone = "UIInterfaceOrientationPortrait UIInterfaceOrientationLandscapeLeft UIInterfaceOrientationLandscapeRight";
				LD_RUNPATH_SEARCH_PATHS = (
					"$(inherited)",
					"@executable_path/Frameworks",
				);
				MARKETING_VERSION = 1.0;
				PRODUCT_BUNDLE_IDENTIFIER = "com.koanba.mvp-swift";
				PRODUCT_NAME = "$(TARGET_NAME)";
				SWIFT_EMIT_LOC_STRINGS = YES;
				SWIFT_VERSION = 5.0;
				TARGETED_DEVICE_FAMILY = "1,2";
			};
			name = Release;
		};
/* End XCBuildConfiguration section */

/* Begin XCConfigurationList section */
		AF50FCC22886AC85005E617F /* Build configuration list for PBXProject "mvp-swift" */ = {
			isa = XCConfigurationList;
			buildConfigurations = (
				AF50FCD92886AC87005E617F /* Debug */,
				AF50FCDA2886AC87005E617F /* Release */,
			);
			defaultConfigurationIsVisible = 0;
			defaultConfigurationName = Release;
		};
		AF50FCDB2886AC87005E617F /* Build configuration list for PBXNativeTarget "mvp-swift" */ = {
			isa = XCConfigurationList;
			buildConfigurations = (
				AF50FCDC2886AC87005E617F /* Debug */,
				AF50FCDD2886AC87005E617F /* Release */,
			);
			defaultConfigurationIsVisible = 0;
			defaultConfigurationName = Release;
		};
/* End XCConfigurationList section */

/* Begin XCRemoteSwiftPackageReference section */
		AF50FCDE2886AF88005E617F /* XCRemoteSwiftPackageReference "realm-swift" */ = {
			isa = XCRemoteSwiftPackageReference;
			repositoryURL = "https://github.com/realm/realm-swift.git";
			requirement = {
				branch = master;
				kind = branch;
			};
		};
/* End XCRemoteSwiftPackageReference section */

/* Begin XCSwiftPackageProductDependency section */
		AF50FCDF2886AF88005E617F /* Realm */ = {
			isa = XCSwiftPackageProductDependency;
			package = AF50FCDE2886AF88005E617F /* XCRemoteSwiftPackageReference "realm-swift" */;
			productName = Realm;
		};
		AF50FCE12886AF88005E617F /* RealmSwift */ = {
			isa = XCSwiftPackageProductDependency;
			package = AF50FCDE2886AF88005E617F /* XCRemoteSwiftPackageReference "realm-swift" */;
			productName = RealmSwift;
		};
/* End XCSwiftPackageProductDependency section */
	};
	rootObject = AF50FCBF2886AC85005E617F /* Project object */;
}
